<?xml version="1.0" encoding="UTF-8" standalone="yes" ?>
<CodeBlocks_project_file>
	<FileVersion major="1" minor="6" />
	<Project>
		<Option title="puissanceN" />
		<Option pch_mode="2" />
		<Option compiler="gcc" />
		<Build>
			<Target title="Debug">
				<Option output="bin/Debug/puissanceN" prefix_auto="1" extension_auto="1" />
				<Option object_output="obj/Debug/" />
				<Option type="1" />
				<Option compiler="gcc" />
				<Option parameters="9 50 100 1024 768" />
				<Compiler>
					<Add option="-g" />
				</Compiler>
			</Target>
			<Target title="Release">
				<Option output="bin/Release/puissanceN" prefix_auto="1" extension_auto="1" />
				<Option object_output="obj/Release/" />
				<Option type="1" />
				<Option compiler="gcc" />
				<Compiler>
					<Add option="-O2" />
				</Compiler>
				<Linker>
					<Add option="-s" />
				</Linker>
			</Target>
		</Build>
		<Compiler>
			<Add option="-Wall" />
			<Add option="-fexceptions" />
			<Add option="-fpermissive" />
			<Add directory="D:/SDL2-2.0.3/i686-w64-mingw32/include/SDL2" />
		</Compiler>
		<Linker>
			<Add option="-lmingw32 -lSDL2main -lSDL2 -mwindows -lm -ldinput8 -ldxguid -ldxerr8 -luser32 -lgdi32 -lwinmm -limm32 -lole32 -loleaut32 -lshell32 -lversion -luuid -static-libgcc" />
			<Add directory="D:/SDL2-2.0.3/i686-w64-mingw32/lib" />
		</Linker>
		<Unit filename="AI.cpp">
			<Option compiler="gcc" use="1" buildCommand="$compiler $options -O3 $includes -c $file -o $object" />
		</Unit>
		<Unit filename="AI.h" />
		<Unit filename="AIutils.cpp" />
		<Unit filename="game.cpp">
			<Option compiler="gcc" use="1" buildCommand="$compiler $options -O3 $includes -c $file -o $object" />
		</Unit>
		<Unit filename="game.h" />
		<Unit filename="init.cpp" />
		<Unit filename="main.cpp" />
		<Unit filename="video.cpp" />
		<Unit filename="video.h" />
		<Extensions>
			<envvars />
			<code_completion />
			<debugger />
			<lib_finder disable_auto="1" />
		</Extensions>
	</Project>
</CodeBlocks_project_file>
